
Microsoft Visual Studio Solution File, Format Version 12.00
# Visual Studio Version 16
VisualStudioVersion = 16.0.29009.5
MinimumVisualStudioVersion = 10.0.40219.1
Project("{FAE04EC0-301F-11D3-BF4B-00C04F79EFBC}") = "Onboarding.Android", "Onboarding\Onboarding.Android\Onboarding.Android.csproj", "{15DEEEBB-D547-44C2-BCAB-E65620D2B823}"
EndProject
Project("{FAE04EC0-301F-11D3-BF4B-00C04F79EFBC}") = "Onboarding.iOS", "Onboarding\Onboarding.iOS\Onboarding.iOS.csproj", "{94A2751E-60B5-4C54-AEC9-65A574D160C2}"
EndProject
Project("{FAE04EC0-301F-11D3-BF4B-00C04F79EFBC}") = "Onboarding", "Onboarding\Onboarding\Onboarding.csproj", "{E91D4AAA-2D77-4AF8-BCF7-135595DD44A4}"
EndProject
Global
	GlobalSection(SolutionConfigurationPlatforms) = preSolution
		Debug|Any CPU = Debug|Any CPU
		Debug|iPhone = Debug|iPhone
		Debug|iPhoneSimulator = Debug|iPhoneSimulator
		Release|Any CPU = Release|Any CPU
		Release|iPhone = Release|iPhone
		Release|iPhoneSimulator = Release|iPhoneSimulator
	EndGlobalSection
	GlobalSection(ProjectConfigurationPlatforms) = postSolution
		{15DEEEBB-D547-44C2-BCAB-E65620D2B823}.Debug|Any CPU.ActiveCfg = Debug|Any CPU
		{15DEEEBB-D547-44C2-BCAB-E65620D2B823}.Debug|Any CPU.Build.0 = Debug|Any CPU
		{15DEEEBB-D547-44C2-BCAB-E65620D2B823}.Debug|Any CPU.Deploy.0 = Debug|Any CPU
		{15DEEEBB-D547-44C2-BCAB-E65620D2B823}.Debug|iPhone.ActiveCfg = Debug|Any CPU
		{15DEEEBB-D547-44C2-BCAB-E65620D2B823}.Debug|iPhone.Build.0 = Debug|Any CPU
		{15DEEEBB-D547-44C2-BCAB-E65620D2B823}.Debug|iPhone.Deploy.0 = Debug|Any CPU
		{15DEEEBB-D547-44C2-BCAB-E65620D2B823}.Debug|iPhoneSimulator.ActiveCfg = Debug|Any CPU
		{15DEEEBB-D547-44C2-BCAB-E65620D2B823}.Debug|iPhoneSimulator.Build.0 = Debug|Any CPU
		{15DEEEBB-D547-44C2-BCAB-E65620D2B823}.Debug|iPhoneSimulator.Deploy.0 = Debug|Any CPU
		{15DEEEBB-D547-44C2-BCAB-E65620D2B823}.Release|Any CPU.ActiveCfg = Release|Any CPU
		{15DEEEBB-D547-44C2-BCAB-E65620D2B823}.Release|Any CPU.Build.0 = Release|Any CPU
		{15DEEEBB-D547-44C2-BCAB-E65620D2B823}.Release|Any CPU.Deploy.0 = Release|Any CPU
		{15DEEEBB-D547-44C2-BCAB-E65620D2B823}.Release|iPhone.ActiveCfg = Release|Any CPU
		{15DEEEBB-D547-44C2-BCAB-E65620D2B823}.Release|iPhone.Build.0 = Release|Any CPU
		{15DEEEBB-D547-44C2-BCAB-E65620D2B823}.Release|iPhone.Deploy.0 = Release|Any CPU
		{15DEEEBB-D547-44C2-BCAB-E65620D2B823}.Release|iPhoneSimulator.ActiveCfg = Release|Any CPU
		{15DEEEBB-D547-44C2-BCAB-E65620D2B823}.Release|iPhoneSimulator.Build.0 = Release|Any CPU
		{15DEEEBB-D547-44C2-BCAB-E65620D2B823}.Release|iPhoneSimulator.Deploy.0 = Release|Any CPU
		{94A2751E-60B5-4C54-AEC9-65A574D160C2}.Debug|Any CPU.ActiveCfg = Debug|iPhoneSimulator
		{94A2751E-60B5-4C54-AEC9-65A574D160C2}.Debug|Any CPU.Build.0 = Debug|iPhoneSimulator
		{94A2751E-60B5-4C54-AEC9-65A574D160C2}.Debug|Any CPU.Deploy.0 = Debug|iPhoneSimulator
		{94A2751E-60B5-4C54-AEC9-65A574D160C2}.Debug|iPhone.ActiveCfg = Debug|iPhone
		{94A2751E-60B5-4C54-AEC9-65A574D160C2}.Debug|iPhone.Build.0 = Debug|iPhone
		{94A2751E-60B5-4C54-AEC9-65A574D160C2}.Debug|iPhone.Deploy.0 = Debug|iPhone
		{94A2751E-60B5-4C54-AEC9-65A574D160C2}.Debug|iPhoneSimulator.ActiveCfg = Debug|iPhoneSimulator
		{94A2751E-60B5-4C54-AEC9-65A574D160C2}.Debug|iPhoneSimulator.Build.0 = Debug|iPhoneSimulator
		{94A2751E-60B5-4C54-AEC9-65A574D160C2}.Debug|iPhoneSimulator.Deploy.0 = Debug|iPhoneSimulator
		{94A2751E-60B5-4C54-AEC9-65A574D160C2}.Release|Any CPU.ActiveCfg = Release|iPhone
		{94A2751E-60B5-4C54-AEC9-65A574D160C2}.Release|Any CPU.Build.0 = Release|iPhone
		{94A2751E-60B5-4C54-AEC9-65A574D160C2}.Release|Any CPU.Deploy.0 = Release|iPhone
		{94A2751E-60B5-4C54-AEC9-65A574D160C2}.Release|iPhone.ActiveCfg = Release|iPhone
		{94A2751E-60B5-4C54-AEC9-65A574D160C2}.Release|iPhone.Build.0 = Release|iPhone
		{94A2751E-60B5-4C54-AEC9-65A574D160C2}.Release|iPhone.Deploy.0 = Release|iPhone
		{94A2751E-60B5-4C54-AEC9-65A574D160C2}.Release|iPhoneSimulator.ActiveCfg = Release|iPhoneSimulator
		{94A2751E-60B5-4C54-AEC9-65A574D160C2}.Release|iPhoneSimulator.Build.0 = Release|iPhoneSimulator
		{94A2751E-60B5-4C54-AEC9-65A574D160C2}.Release|iPhoneSimulator.Deploy.0 = Release|iPhoneSimulator
		{E91D4AAA-2D77-4AF8-BCF7-135595DD44A4}.Debug|Any CPU.ActiveCfg = Debug|Any CPU
		{E91D4AAA-2D77-4AF8-BCF7-135595DD44A4}.Debug|Any CPU.Build.0 = Debug|Any CPU
		{E91D4AAA-2D77-4AF8-BCF7-135595DD44A4}.Debug|Any CPU.Deploy.0 = Debug|Any CPU
		{E91D4AAA-2D77-4AF8-BCF7-135595DD44A4}.Debug|iPhone.ActiveCfg = Debug|Any CPU
		{E91D4AAA-2D77-4AF8-BCF7-135595DD44A4}.Debug|iPhone.Build.0 = Debug|Any CPU
		{E91D4AAA-2D77-4AF8-BCF7-135595DD44A4}.Debug|iPhone.Deploy.0 = Debug|Any CPU
		{E91D4AAA-2D77-4AF8-BCF7-135595DD44A4}.Debug|iPhoneSimulator.ActiveCfg = Debug|Any CPU
		{E91D4AAA-2D77-4AF8-BCF7-135595DD44A4}.Debug|iPhoneSimulator.Build.0 = Debug|Any CPU
		{E91D4AAA-2D77-4AF8-BCF7-135595DD44A4}.Debug|iPhoneSimulator.Deploy.0 = Debug|Any CPU
		{E91D4AAA-2D77-4AF8-BCF7-135595DD44A4}.Release|Any CPU.ActiveCfg = Release|Any CPU
		{E91D4AAA-2D77-4AF8-BCF7-135595DD44A4}.Release|Any CPU.Build.0 = Release|Any CPU
		{E91D4AAA-2D77-4AF8-BCF7-135595DD44A4}.Release|Any CPU.Deploy.0 = Release|Any CPU
		{E91D4AAA-2D77-4AF8-BCF7-135595DD44A4}.Release|iPhone.ActiveCfg = Release|Any CPU
		{E91D4AAA-2D77-4AF8-BCF7-135595DD44A4}.Release|iPhone.Build.0 = Release|Any CPU
		{E91D4AAA-2D77-4AF8-BCF7-135595DD44A4}.Release|iPhone.Deploy.0 = Release|Any CPU
		{E91D4AAA-2D77-4AF8-BCF7-135595DD44A4}.Release|iPhoneSimulator.ActiveCfg = Release|Any CPU
		{E91D4AAA-2D77-4AF8-BCF7-135595DD44A4}.Release|iPhoneSimulator.Build.0 = Release|Any CPU
		{E91D4AAA-2D77-4AF8-BCF7-135595DD44A4}.Release|iPhoneSimulator.Deploy.0 = Release|Any CPU
	EndGlobalSection
	GlobalSection(SolutionProperties) = preSolution
		HideSolutionNode = FALSE
	EndGlobalSection
	GlobalSection(ExtensibilityGlobals) = postSolution
		SolutionGuid = {E1607A7B-36B4-4A28-9A0E-32CB500C2311}
	EndGlobalSection
EndGlobal
